// !$*UTF8*$!
{
	archiveVersion = 1;
	classes = {
	};
	objectVersion = 50;
	objects = {

/* Begin PBXBuildFile section */
		1B2B9444257842D9000AD705 /* AppDelegate.swift in Sources */ = {isa = PBXBuildFile; fileRef = 1B2B9443257842D9000AD705 /* AppDelegate.swift */; };
		1B2B9448257842D9000AD705 /* MainViewController.swift in Sources */ = {isa = PBXBuildFile; fileRef = 1B2B9447257842D9000AD705 /* MainViewController.swift */; };
		1B2B944D257842DB000AD705 /* Assets.xcassets in Resources */ = {isa = PBXBuildFile; fileRef = 1B2B944C257842DB000AD705 /* Assets.xcassets */; };
		1B2B9450257842DB000AD705 /* LaunchScreen.storyboard in Resources */ = {isa = PBXBuildFile; fileRef = 1B2B944E257842DB000AD705 /* LaunchScreen.storyboard */; };
		1B2B946625784D36000AD705 /* ButtonExtension.swift in Sources */ = {isa = PBXBuildFile; fileRef = 1B2B946525784D36000AD705 /* ButtonExtension.swift */; };
		1B2B946925784DAC000AD705 /* ColorExtension.swift in Sources */ = {isa = PBXBuildFile; fileRef = 1B2B946825784DAC000AD705 /* ColorExtension.swift */; };
		1B2B946C25784E12000AD705 /* LabelExtension.swift in Sources */ = {isa = PBXBuildFile; fileRef = 1B2B946B25784E12000AD705 /* LabelExtension.swift */; };
		1B2B946F25784E53000AD705 /* FontExtension.swift in Sources */ = {isa = PBXBuildFile; fileRef = 1B2B946E25784E53000AD705 /* FontExtension.swift */; };
		1B2B947225784E85000AD705 /* StackViewExtension.swift in Sources */ = {isa = PBXBuildFile; fileRef = 1B2B947125784E85000AD705 /* StackViewExtension.swift */; };
		1B2B94752578504B000AD705 /* AlertExtension.swift in Sources */ = {isa = PBXBuildFile; fileRef = 1B2B94742578504B000AD705 /* AlertExtension.swift */; };
		1B2B9478257855D2000AD705 /* UIScreenExtensions.swift in Sources */ = {isa = PBXBuildFile; fileRef = 1B2B9477257855D2000AD705 /* UIScreenExtensions.swift */; };
		1B2B947B2578572A000AD705 /* MapViewController.swift in Sources */ = {isa = PBXBuildFile; fileRef = 1B2B947A2578572A000AD705 /* MapViewController.swift */; };
/* End PBXBuildFile section */

/* Begin PBXFileReference section */
		1B2B9440257842D9000AD705 /* Autodoc.app */ = {isa = PBXFileReference; explicitFileType = wrapper.application; includeInIndex = 0; path = Autodoc.app; sourceTree = BUILT_PRODUCTS_DIR; };
		1B2B9443257842D9000AD705 /* AppDelegate.swift */ = {isa = PBXFileReference; lastKnownFileType = sourcecode.swift; path = AppDelegate.swift; sourceTree = "<group>"; };
		1B2B9447257842D9000AD705 /* MainViewController.swift */ = {isa = PBXFileReference; lastKnownFileType = sourcecode.swift; path = MainViewController.swift; sourceTree = "<group>"; };
		1B2B944C257842DB000AD705 /* Assets.xcassets */ = {isa = PBXFileReference; lastKnownFileType = folder.assetcatalog; path = Assets.xcassets; sourceTree = "<group>"; };
		1B2B944F257842DB000AD705 /* Base */ = {isa = PBXFileReference; lastKnownFileType = file.storyboard; name = Base; path = Base.lproj/LaunchScreen.storyboard; sourceTree = "<group>"; };
		1B2B9451257842DB000AD705 /* Info.plist */ = {isa = PBXFileReference; lastKnownFileType = text.plist.xml; path = Info.plist; sourceTree = "<group>"; };
		1B2B946525784D36000AD705 /* ButtonExtension.swift */ = {isa = PBXFileReference; lastKnownFileType = sourcecode.swift; path = ButtonExtension.swift; sourceTree = "<group>"; };
		1B2B946825784DAC000AD705 /* ColorExtension.swift */ = {isa = PBXFileReference; lastKnownFileType = sourcecode.swift; path = ColorExtension.swift; sourceTree = "<group>"; };
		1B2B946B25784E12000AD705 /* LabelExtension.swift */ = {isa = PBXFileReference; lastKnownFileType = sourcecode.swift; path = LabelExtension.swift; sourceTree = "<group>"; };
		1B2B946E25784E53000AD705 /* FontExtension.swift */ = {isa = PBXFileReference; lastKnownFileType = sourcecode.swift; path = FontExtension.swift; sourceTree = "<group>"; };
		1B2B947125784E85000AD705 /* StackViewExtension.swift */ = {isa = PBXFileReference; lastKnownFileType = sourcecode.swift; path = StackViewExtension.swift; sourceTree = "<group>"; };
		1B2B94742578504B000AD705 /* AlertExtension.swift */ = {isa = PBXFileReference; lastKnownFileType = sourcecode.swift; path = AlertExtension.swift; sourceTree = "<group>"; };
		1B2B9477257855D2000AD705 /* UIScreenExtensions.swift */ = {isa = PBXFileReference; lastKnownFileType = sourcecode.swift; path = UIScreenExtensions.swift; sourceTree = "<group>"; };
		1B2B947A2578572A000AD705 /* MapViewController.swift */ = {isa = PBXFileReference; lastKnownFileType = sourcecode.swift; path = MapViewController.swift; sourceTree = "<group>"; };
/* End PBXFileReference section */

/* Begin PBXFrameworksBuildPhase section */
		1B2B943D257842D9000AD705 /* Frameworks */ = {
			isa = PBXFrameworksBuildPhase;
			buildActionMask = 2147483647;
			files = (
			);
			runOnlyForDeploymentPostprocessing = 0;
		};
/* End PBXFrameworksBuildPhase section */

/* Begin PBXGroup section */
		1B2B9437257842D9000AD705 = {
			isa = PBXGroup;
			children = (
				1B2B9442257842D9000AD705 /* Autodoc */,
				1B2B9441257842D9000AD705 /* Products */,
			);
			sourceTree = "<group>";
		};
		1B2B9441257842D9000AD705 /* Products */ = {
			isa = PBXGroup;
			children = (
				1B2B9440257842D9000AD705 /* Autodoc.app */,
			);
			name = Products;
			sourceTree = "<group>";
		};
		1B2B9442257842D9000AD705 /* Autodoc */ = {
			isa = PBXGroup;
			children = (
				1B2B9458257843D8000AD705 /* Model */,
				1B2B945A25784406000AD705 /* View */,
				1B2B945B25784416000AD705 /* ViewControllers */,
				1B2B945E25784475000AD705 /* Resources */,
				1B2B945F257844B5000AD705 /* Storyboards */,
				1B2B945D25784458000AD705 /* Network */,
				1B2B945C25784430000AD705 /* Supporting Files */,
				1B2B946425784C50000AD705 /* Extensions */,
			);
			path = Autodoc;
			sourceTree = "<group>";
		};
		1B2B9458257843D8000AD705 /* Model */ = {
			isa = PBXGroup;
			children = (
			);
			path = Model;
			sourceTree = "<group>";
		};
		1B2B945A25784406000AD705 /* View */ = {
			isa = PBXGroup;
			children = (
			);
			path = View;
			sourceTree = "<group>";
		};
		1B2B945B25784416000AD705 /* ViewControllers */ = {
			isa = PBXGroup;
			children = (
				1B2B9447257842D9000AD705 /* MainViewController.swift */,
				1B2B947A2578572A000AD705 /* MapViewController.swift */,
			);
			path = ViewControllers;
			sourceTree = "<group>";
		};
		1B2B945C25784430000AD705 /* Supporting Files */ = {
			isa = PBXGroup;
			children = (
				1B2B9451257842DB000AD705 /* Info.plist */,
				1B2B9443257842D9000AD705 /* AppDelegate.swift */,
			);
			path = "Supporting Files";
			sourceTree = "<group>";
		};
		1B2B945D25784458000AD705 /* Network */ = {
			isa = PBXGroup;
			children = (
			);
			path = Network;
			sourceTree = "<group>";
		};
		1B2B945E25784475000AD705 /* Resources */ = {
			isa = PBXGroup;
			children = (
				1B2B944C257842DB000AD705 /* Assets.xcassets */,
			);
			path = Resources;
			sourceTree = "<group>";
		};
		1B2B945F257844B5000AD705 /* Storyboards */ = {
			isa = PBXGroup;
			children = (
				1B2B944E257842DB000AD705 /* LaunchScreen.storyboard */,
			);
			path = Storyboards;
			sourceTree = "<group>";
		};
		1B2B946425784C50000AD705 /* Extensions */ = {
			isa = PBXGroup;
			children = (
				1B2B946525784D36000AD705 /* ButtonExtension.swift */,
				1B2B946825784DAC000AD705 /* ColorExtension.swift */,
				1B2B946B25784E12000AD705 /* LabelExtension.swift */,
				1B2B946E25784E53000AD705 /* FontExtension.swift */,
				1B2B947125784E85000AD705 /* StackViewExtension.swift */,
				1B2B94742578504B000AD705 /* AlertExtension.swift */,
				1B2B9477257855D2000AD705 /* UIScreenExtensions.swift */,
			);
			path = Extensions;
			sourceTree = "<group>";
		};
/* End PBXGroup section */

/* Begin PBXNativeTarget section */
		1B2B943F257842D9000AD705 /* Autodoc */ = {
			isa = PBXNativeTarget;
			buildConfigurationList = 1B2B9454257842DB000AD705 /* Build configuration list for PBXNativeTarget "Autodoc" */;
			buildPhases = (
				1B2B943C257842D9000AD705 /* Sources */,
				1B2B943D257842D9000AD705 /* Frameworks */,
				1B2B943E257842D9000AD705 /* Resources */,
			);
			buildRules = (
			);
			dependencies = (
			);
			name = Autodoc;
			productName = Autodoc;
			productReference = 1B2B9440257842D9000AD705 /* Autodoc.app */;
			productType = "com.apple.product-type.application";
		};
/* End PBXNativeTarget section */

/* Begin PBXProject section */
		1B2B9438257842D9000AD705 /* Project object */ = {
			isa = PBXProject;
			attributes = {
				LastSwiftUpdateCheck = 1220;
				LastUpgradeCheck = 1220;
				TargetAttributes = {
					1B2B943F257842D9000AD705 = {
						CreatedOnToolsVersion = 12.2;
					};
				};
			};
			buildConfigurationList = 1B2B943B257842D9000AD705 /* Build configuration list for PBXProject "Autodoc" */;
			compatibilityVersion = "Xcode 9.3";
			developmentRegion = en;
			hasScannedForEncodings = 0;
			knownRegions = (
				en,
				Base,
			);
			mainGroup = 1B2B9437257842D9000AD705;
			productRefGroup = 1B2B9441257842D9000AD705 /* Products */;
			projectDirPath = "";
			projectRoot = "";
			targets = (
				1B2B943F257842D9000AD705 /* Autodoc */,
			);
		};
/* End PBXProject section */

/* Begin PBXResourcesBuildPhase section */
		1B2B943E257842D9000AD705 /* Resources */ = {
			isa = PBXResourcesBuildPhase;
			buildActionMask = 2147483647;
			files = (
				1B2B9450257842DB000AD705 /* LaunchScreen.storyboard in Resources */,
				1B2B944D257842DB000AD705 /* Assets.xcassets in Resources */,
			);
			runOnlyForDeploymentPostprocessing = 0;
		};
/* End PBXResourcesBuildPhase section */

/* Begin PBXSourcesBuildPhase section */
		1B2B943C257842D9000AD705 /* Sources */ = {
			isa = PBXSourcesBuildPhase;
			buildActionMask = 2147483647;
			files = (
				1B2B946F25784E53000AD705 /* FontExtension.swift in Sources */,
				1B2B946625784D36000AD705 /* ButtonExtension.swift in Sources */,
				1B2B946C25784E12000AD705 /* LabelExtension.swift in Sources */,
				1B2B947B2578572A000AD705 /* MapViewController.swift in Sources */,
				1B2B9448257842D9000AD705 /* MainViewController.swift in Sources */,
				1B2B94752578504B000AD705 /* AlertExtension.swift in Sources */,
				1B2B9444257842D9000AD705 /* AppDelegate.swift in Sources */,
				1B2B947225784E85000AD705 /* StackViewExtension.swift in Sources */,
				1B2B946925784DAC000AD705 /* ColorExtension.swift in Sources */,
				1B2B9478257855D2000AD705 /* UIScreenExtensions.swift in Sources */,
			);
			runOnlyForDeploymentPostprocessing = 0;
		};
/* End PBXSourcesBuildPhase section */

/* Begin PBXVariantGroup section */
		1B2B944E257842DB000AD705 /* LaunchScreen.storyboard */ = {
			isa = PBXVariantGroup;
			children = (
				1B2B944F257842DB000AD705 /* Base */,
			);
			name = LaunchScreen.storyboard;
			sourceTree = "<group>";
		};
/* End PBXVariantGroup section */

/* Begin XCBuildConfiguration section */
		1B2B9452257842DB000AD705 /* Debug */ = {
			isa = XCBuildConfiguration;
			buildSettings = {
				ALWAYS_SEARCH_USER_PATHS = NO;
				CLANG_ANALYZER_NONNULL = YES;
				CLANG_ANALYZER_NUMBER_OBJECT_CONVERSION = YES_AGGRESSIVE;
				CLANG_CXX_LANGUAGE_STANDARD = "gnu++14";
				CLANG_CXX_LIBRARY = "libc++";
				CLANG_ENABLE_MODULES = YES;
				CLANG_ENABLE_OBJC_ARC = YES;
				CLANG_ENABLE_OBJC_WEAK = YES;
				CLANG_WARN_BLOCK_CAPTURE_AUTORELEASING = YES;
				CLANG_WARN_BOOL_CONVERSION = YES;
				CLANG_WARN_COMMA = YES;
				CLANG_WARN_CONSTANT_CONVERSION = YES;
				CLANG_WARN_DEPRECATED_OBJC_IMPLEMENTATIONS = YES;
				CLANG_WARN_DIRECT_OBJC_ISA_USAGE = YES_ERROR;
				CLANG_WARN_DOCUMENTATION_COMMENTS = YES;
				CLANG_WARN_EMPTY_BODY = YES;
				CLANG_WARN_ENUM_CONVERSION = YES;
				CLANG_WARN_INFINITE_RECURSION = YES;
				CLANG_WARN_INT_CONVERSION = YES;
				CLANG_WARN_NON_LITERAL_NULL_CONVERSION = YES;
				CLANG_WARN_OBJC_IMPLICIT_RETAIN_SELF = YES;
				CLANG_WARN_OBJC_LITERAL_CONVERSION = YES;
				CLANG_WARN_OBJC_ROOT_CLASS = YES_ERROR;
				CLANG_WARN_QUOTED_INCLUDE_IN_FRAMEWORK_HEADER = YES;
				CLANG_WARN_RANGE_LOOP_ANALYSIS = YES;
				CLANG_WARN_STRICT_PROTOTYPES = YES;
				CLANG_WARN_SUSPICIOUS_MOVE = YES;
				CLANG_WARN_UNGUARDED_AVAILABILITY = YES_AGGRESSIVE;
				CLANG_WARN_UNREACHABLE_CODE = YES;
				CLANG_WARN__DUPLICATE_METHOD_MATCH = YES;
				COPY_PHASE_STRIP = NO;
				DEBUG_INFORMATION_FORMAT = dwarf;
				ENABLE_STRICT_OBJC_MSGSEND = YES;
				ENABLE_TESTABILITY = YES;
				GCC_C_LANGUAGE_STANDARD = gnu11;
				GCC_DYNAMIC_NO_PIC = NO;
				GCC_NO_COMMON_BLOCKS = YES;
				GCC_OPTIMIZATION_LEVEL = 0;
				GCC_PREPROCESSOR_DEFINITIONS = (
					"DEBUG=1",
					"$(inherited)",
				);
				GCC_WARN_64_TO_32_BIT_CONVERSION = YES;
				GCC_WARN_ABOUT_RETURN_TYPE = YES_ERROR;
				GCC_WARN_UNDECLARED_SELECTOR = YES;
				GCC_WARN_UNINITIALIZED_AUTOS = YES_AGGRESSIVE;
				GCC_WARN_UNUSED_FUNCTION = YES;
				GCC_WARN_UNUSED_VARIABLE = YES;
				IPHONEOS_DEPLOYMENT_TARGET = 11.0;
				MTL_ENABLE_DEBUG_INFO = INCLUDE_SOURCE;
				MTL_FAST_MATH = YES;
				ONLY_ACTIVE_ARCH = YES;
				SDKROOT = iphoneos;
				SWIFT_ACTIVE_COMPILATION_CONDITIONS = DEBUG;
				SWIFT_OPTIMIZATION_LEVEL = "-Onone";
			};
			name = Debug;
		};
		1B2B9453257842DB000AD705 /* Release */ = {
			isa = XCBuildConfiguration;
			buildSettings = {
				ALWAYS_SEARCH_USER_PATHS = NO;
				CLANG_ANALYZER_NONNULL = YES;
				CLANG_ANALYZER_NUMBER_OBJECT_CONVERSION = YES_AGGRESSIVE;
				CLANG_CXX_LANGUAGE_STANDARD = "gnu++14";
				CLANG_CXX_LIBRARY = "libc++";
				CLANG_ENABLE_MODULES = YES;
				CLANG_ENABLE_OBJC_ARC = YES;
				CLANG_ENABLE_OBJC_WEAK = YES;
				CLANG_WARN_BLOCK_CAPTURE_AUTORELEASING = YES;
				CLANG_WARN_BOOL_CONVERSION = YES;
				CLANG_WARN_COMMA = YES;
				CLANG_WARN_CONSTANT_CONVERSION = YES;
				CLANG_WARN_DEPRECATED_OBJC_IMPLEMENTATIONS = YES;
				CLANG_WARN_DIRECT_OBJC_ISA_USAGE = YES_ERROR;
				CLANG_WARN_DOCUMENTATION_COMMENTS = YES;
				CLANG_WARN_EMPTY_BODY = YES;
				CLANG_WARN_ENUM_CONVERSION = YES;
				CLANG_WARN_INFINITE_RECURSION = YES;
				CLANG_WARN_INT_CONVERSION = YES;
				CLANG_WARN_NON_LITERAL_NULL_CONVERSION = YES;
				CLANG_WARN_OBJC_IMPLICIT_RETAIN_SELF = YES;
				CLANG_WARN_OBJC_LITERAL_CONVERSION = YES;
				CLANG_WARN_OBJC_ROOT_CLASS = YES_ERROR;
				CLANG_WARN_QUOTED_INCLUDE_IN_FRAMEWORK_HEADER = YES;
				CLANG_WARN_RANGE_LOOP_ANALYSIS = YES;
				CLANG_WARN_STRICT_PROTOTYPES = YES;
				CLANG_WARN_SUSPICIOUS_MOVE = YES;
				CLANG_WARN_UNGUARDED_AVAILABILITY = YES_AGGRESSIVE;
				CLANG_WARN_UNREACHABLE_CODE = YES;
				CLANG_WARN__DUPLICATE_METHOD_MATCH = YES;
				COPY_PHASE_STRIP = NO;
				DEBUG_INFORMATION_FORMAT = "dwarf-with-dsym";
				ENABLE_NS_ASSERTIONS = NO;
				ENABLE_STRICT_OBJC_MSGSEND = YES;
				GCC_C_LANGUAGE_STANDARD = gnu11;
				GCC_NO_COMMON_BLOCKS = YES;
				GCC_WARN_64_TO_32_BIT_CONVERSION = YES;
				GCC_WARN_ABOUT_RETURN_TYPE = YES_ERROR;
				GCC_WARN_UNDECLARED_SELECTOR = YES;
				GCC_WARN_UNINITIALIZED_AUTOS = YES_AGGRESSIVE;
				GCC_WARN_UNUSED_FUNCTION = YES;
				GCC_WARN_UNUSED_VARIABLE = YES;
				IPHONEOS_DEPLOYMENT_TARGET = 11.0;
				MTL_ENABLE_DEBUG_INFO = NO;
				MTL_FAST_MATH = YES;
				SDKROOT = iphoneos;
				SWIFT_COMPILATION_MODE = wholemodule;
				SWIFT_OPTIMIZATION_LEVEL = "-O";
				VALIDATE_PRODUCT = YES;
			};
			name = Release;
		};
		1B2B9455257842DB000AD705 /* Debug */ = {
			isa = XCBuildConfiguration;
			buildSettings = {
				ASSETCATALOG_COMPILER_APPICON_NAME = AppIcon;
				ASSETCATALOG_COMPILER_GLOBAL_ACCENT_COLOR_NAME = AccentColor;
				CODE_SIGN_STYLE = Automatic;
				DEVELOPMENT_TEAM = 34VDSPZYU9;
				INFOPLIST_FILE = "$(SRCROOT)/Autodoc/Supporting Files/Info.plist";
				IPHONEOS_DEPLOYMENT_TARGET = 11.0;
				LD_RUNPATH_SEARCH_PATHS = (
					"$(inherited)",
					"@executable_path/Frameworks",
				);
				PRODUCT_BUNDLE_IDENTIFIER = com.SosinVitalii.Autodoc;
				PRODUCT_NAME = "$(TARGET_NAME)";
				SWIFT_VERSION = 5.0;
				TARGETED_DEVICE_FAMILY = "1,2";
			};
			name = Debug;
		};
		1B2B9456257842DB000AD705 /* Release */ = {
			isa = XCBuildConfiguration;
			buildSettings = {
				ASSETCATALOG_COMPILER_APPICON_NAME = AppIcon;
				ASSETCATALOG_COMPILER_GLOBAL_ACCENT_COLOR_NAME = AccentColor;
				CODE_SIGN_STYLE = Automatic;
				DEVELOPMENT_TEAM = 34VDSPZYU9;
				INFOPLIST_FILE = "$(SRCROOT)/Autodoc/Supporting Files/Info.plist";
				IPHONEOS_DEPLOYMENT_TARGET = 11.0;
				LD_RUNPATH_SEARCH_PATHS = (
					"$(inherited)",
					"@executable_path/Frameworks",
				);
				PRODUCT_BUNDLE_IDENTIFIER = com.SosinVitalii.Autodoc;
				PRODUCT_NAME = "$(TARGET_NAME)";
				SWIFT_VERSION = 5.0;
				TARGETED_DEVICE_FAMILY = "1,2";
			};
			name = Release;
		};
/* End XCBuildConfiguration section */

/* Begin XCConfigurationList section */
		1B2B943B257842D9000AD705 /* Build configuration list for PBXProject "Autodoc" */ = {
			isa = XCConfigurationList;
			buildConfigurations = (
				1B2B9452257842DB000AD705 /* Debug */,
				1B2B9453257842DB000AD705 /* Release */,
			);
			defaultConfigurationIsVisible = 0;
			defaultConfigurationName = Release;
		};
		1B2B9454257842DB000AD705 /* Build configuration list for PBXNativeTarget "Autodoc" */ = {
			isa = XCConfigurationList;
			buildConfigurations = (
				1B2B9455257842DB000AD705 /* Debug */,
				1B2B9456257842DB000AD705 /* Release */,
			);
			defaultConfigurationIsVisible = 0;
			defaultConfigurationName = Release;
		};
/* End XCConfigurationList section */
	};
	rootObject = 1B2B9438257842D9000AD705 /* Project object */;
}
